// !$*UTF8*$!
{
	archiveVersion = 1;
	classes = {
	};
	objectVersion = 55;
	objects = {

/* Begin PBXBuildFile section */
		ED4A858B27B54CD700B6B7CA /* ClockceptionApp.swift in Sources */ = {isa = PBXBuildFile; fileRef = ED4A858A27B54CD700B6B7CA /* ClockceptionApp.swift */; };
		ED4A858D27B54CD700B6B7CA /* ContentView.swift in Sources */ = {isa = PBXBuildFile; fileRef = ED4A858C27B54CD700B6B7CA /* ContentView.swift */; };
		ED4A858F27B54CD900B6B7CA /* Assets.xcassets in Resources */ = {isa = PBXBuildFile; fileRef = ED4A858E27B54CD900B6B7CA /* Assets.xcassets */; };
		ED4A859227B54CD900B6B7CA /* Preview Assets.xcassets in Resources */ = {isa = PBXBuildFile; fileRef = ED4A859127B54CD900B6B7CA /* Preview Assets.xcassets */; };
		ED4A85A127B55C5100B6B7CA /* AppConstants.swift in Sources */ = {isa = PBXBuildFile; fileRef = ED4A859A27B55C5100B6B7CA /* AppConstants.swift */; };
		ED4A85A227B55C5100B6B7CA /* ClockDataManager.swift in Sources */ = {isa = PBXBuildFile; fileRef = ED4A859C27B55C5100B6B7CA /* ClockDataManager.swift */; };
		ED4A85A327B55C5100B6B7CA /* ClockViewModel.swift in Sources */ = {isa = PBXBuildFile; fileRef = ED4A859E27B55C5100B6B7CA /* ClockViewModel.swift */; };
		ED4A85A427B55C5100B6B7CA /* ClockData.swift in Sources */ = {isa = PBXBuildFile; fileRef = ED4A85A027B55C5100B6B7CA /* ClockData.swift */; };
		ED4A85A627B55C9A00B6B7CA /* ClockView.swift in Sources */ = {isa = PBXBuildFile; fileRef = ED4A85A527B55C9A00B6B7CA /* ClockView.swift */; };
/* End PBXBuildFile section */

/* Begin PBXFileReference section */
		ED4A858727B54CD700B6B7CA /* Clockception.app */ = {isa = PBXFileReference; explicitFileType = wrapper.application; includeInIndex = 0; path = Clockception.app; sourceTree = BUILT_PRODUCTS_DIR; };
		ED4A858A27B54CD700B6B7CA /* ClockceptionApp.swift */ = {isa = PBXFileReference; lastKnownFileType = sourcecode.swift; path = ClockceptionApp.swift; sourceTree = "<group>"; };
		ED4A858C27B54CD700B6B7CA /* ContentView.swift */ = {isa = PBXFileReference; lastKnownFileType = sourcecode.swift; path = ContentView.swift; sourceTree = "<group>"; };
		ED4A858E27B54CD900B6B7CA /* Assets.xcassets */ = {isa = PBXFileReference; lastKnownFileType = folder.assetcatalog; path = Assets.xcassets; sourceTree = "<group>"; };
		ED4A859127B54CD900B6B7CA /* Preview Assets.xcassets */ = {isa = PBXFileReference; lastKnownFileType = folder.assetcatalog; path = "Preview Assets.xcassets"; sourceTree = "<group>"; };
		ED4A859327B54CD900B6B7CA /* Clockception.entitlements */ = {isa = PBXFileReference; lastKnownFileType = text.plist.entitlements; path = Clockception.entitlements; sourceTree = "<group>"; };
		ED4A859A27B55C5100B6B7CA /* AppConstants.swift */ = {isa = PBXFileReference; fileEncoding = 4; lastKnownFileType = sourcecode.swift; path = AppConstants.swift; sourceTree = "<group>"; };
		ED4A859C27B55C5100B6B7CA /* ClockDataManager.swift */ = {isa = PBXFileReference; fileEncoding = 4; lastKnownFileType = sourcecode.swift; path = ClockDataManager.swift; sourceTree = "<group>"; };
		ED4A859E27B55C5100B6B7CA /* ClockViewModel.swift */ = {isa = PBXFileReference; fileEncoding = 4; lastKnownFileType = sourcecode.swift; path = ClockViewModel.swift; sourceTree = "<group>"; };
		ED4A85A027B55C5100B6B7CA /* ClockData.swift */ = {isa = PBXFileReference; fileEncoding = 4; lastKnownFileType = sourcecode.swift; path = ClockData.swift; sourceTree = "<group>"; };
		ED4A85A527B55C9A00B6B7CA /* ClockView.swift */ = {isa = PBXFileReference; fileEncoding = 4; lastKnownFileType = sourcecode.swift; path = ClockView.swift; sourceTree = "<group>"; };
/* End PBXFileReference section */

/* Begin PBXFrameworksBuildPhase section */
		ED4A858427B54CD700B6B7CA /* Frameworks */ = {
			isa = PBXFrameworksBuildPhase;
			buildActionMask = 2147483647;
			files = (
			);
			runOnlyForDeploymentPostprocessing = 0;
		};
/* End PBXFrameworksBuildPhase section */

/* Begin PBXGroup section */
		ED4A857E27B54CD700B6B7CA = {
			isa = PBXGroup;
			children = (
				ED4A858927B54CD700B6B7CA /* Clockception */,
				ED4A858827B54CD700B6B7CA /* Products */,
			);
			sourceTree = "<group>";
		};
		ED4A858827B54CD700B6B7CA /* Products */ = {
			isa = PBXGroup;
			children = (
				ED4A858727B54CD700B6B7CA /* Clockception.app */,
			);
			name = Products;
			sourceTree = "<group>";
		};
		ED4A858927B54CD700B6B7CA /* Clockception */ = {
			isa = PBXGroup;
			children = (
				ED4A859927B55C5100B6B7CA /* Constants */,
				ED4A859F27B55C5100B6B7CA /* Model */,
				ED4A859B27B55C5100B6B7CA /* Util */,
				ED4A859D27B55C5100B6B7CA /* ViewModel */,
				ED4A858A27B54CD700B6B7CA /* ClockceptionApp.swift */,
				ED4A858C27B54CD700B6B7CA /* ContentView.swift */,
				ED4A85A527B55C9A00B6B7CA /* ClockView.swift */,
				ED4A858E27B54CD900B6B7CA /* Assets.xcassets */,
				ED4A859327B54CD900B6B7CA /* Clockception.entitlements */,
				ED4A859027B54CD900B6B7CA /* Preview Content */,
			);
			path = Clockception;
			sourceTree = "<group>";
		};
		ED4A859027B54CD900B6B7CA /* Preview Content */ = {
			isa = PBXGroup;
			children = (
				ED4A859127B54CD900B6B7CA /* Preview Assets.xcassets */,
			);
			path = "Preview Content";
			sourceTree = "<group>";
		};
		ED4A859927B55C5100B6B7CA /* Constants */ = {
			isa = PBXGroup;
			children = (
				ED4A859A27B55C5100B6B7CA /* AppConstants.swift */,
			);
			path = Constants;
			sourceTree = "<group>";
		};
		ED4A859B27B55C5100B6B7CA /* Util */ = {
			isa = PBXGroup;
			children = (
				ED4A859C27B55C5100B6B7CA /* ClockDataManager.swift */,
			);
			path = Util;
			sourceTree = "<group>";
		};
		ED4A859D27B55C5100B6B7CA /* ViewModel */ = {
			isa = PBXGroup;
			children = (
				ED4A859E27B55C5100B6B7CA /* ClockViewModel.swift */,
			);
			path = ViewModel;
			sourceTree = "<group>";
		};
		ED4A859F27B55C5100B6B7CA /* Model */ = {
			isa = PBXGroup;
			children = (
				ED4A85A027B55C5100B6B7CA /* ClockData.swift */,
			);
			path = Model;
			sourceTree = "<group>";
		};
/* End PBXGroup section */

/* Begin PBXNativeTarget section */
		ED4A858627B54CD700B6B7CA /* Clockception */ = {
			isa = PBXNativeTarget;
			buildConfigurationList = ED4A859627B54CD900B6B7CA /* Build configuration list for PBXNativeTarget "Clockception" */;
			buildPhases = (
				ED4A858327B54CD700B6B7CA /* Sources */,
				ED4A858427B54CD700B6B7CA /* Frameworks */,
				ED4A858527B54CD700B6B7CA /* Resources */,
			);
			buildRules = (
			);
			dependencies = (
			);
			name = Clockception;
			productName = Clockception;
			productReference = ED4A858727B54CD700B6B7CA /* Clockception.app */;
			productType = "com.apple.product-type.application";
		};
/* End PBXNativeTarget section */

/* Begin PBXProject section */
		ED4A857F27B54CD700B6B7CA /* Project object */ = {
			isa = PBXProject;
			attributes = {
				BuildIndependentTargetsInParallel = 1;
				LastSwiftUpdateCheck = 1310;
				LastUpgradeCheck = 1310;
				TargetAttributes = {
					ED4A858627B54CD700B6B7CA = {
						CreatedOnToolsVersion = 13.1;
					};
				};
			};
			buildConfigurationList = ED4A858227B54CD700B6B7CA /* Build configuration list for PBXProject "Clockception" */;
			compatibilityVersion = "Xcode 13.0";
			developmentRegion = en;
			hasScannedForEncodings = 0;
			knownRegions = (
				en,
				Base,
			);
			mainGroup = ED4A857E27B54CD700B6B7CA;
			productRefGroup = ED4A858827B54CD700B6B7CA /* Products */;
			projectDirPath = "";
			projectRoot = "";
			targets = (
				ED4A858627B54CD700B6B7CA /* Clockception */,
			);
		};
/* End PBXProject section */

/* Begin PBXResourcesBuildPhase section */
		ED4A858527B54CD700B6B7CA /* Resources */ = {
			isa = PBXResourcesBuildPhase;
			buildActionMask = 2147483647;
			files = (
				ED4A859227B54CD900B6B7CA /* Preview Assets.xcassets in Resources */,
				ED4A858F27B54CD900B6B7CA /* Assets.xcassets in Resources */,
			);
			runOnlyForDeploymentPostprocessing = 0;
		};
/* End PBXResourcesBuildPhase section */

/* Begin PBXSourcesBuildPhase section */
		ED4A858327B54CD700B6B7CA /* Sources */ = {
			isa = PBXSourcesBuildPhase;
			buildActionMask = 2147483647;
			files = (
				ED4A85A427B55C5100B6B7CA /* ClockData.swift in Sources */,
				ED4A858D27B54CD700B6B7CA /* ContentView.swift in Sources */,
				ED4A85A127B55C5100B6B7CA /* AppConstants.swift in Sources */,
				ED4A85A227B55C5100B6B7CA /* ClockDataManager.swift in Sources */,
				ED4A85A627B55C9A00B6B7CA /* ClockView.swift in Sources */,
				ED4A858B27B54CD700B6B7CA /* ClockceptionApp.swift in Sources */,
				ED4A85A327B55C5100B6B7CA /* ClockViewModel.swift in Sources */,
			);
			runOnlyForDeploymentPostprocessing = 0;
		};
/* End PBXSourcesBuildPhase section */

/* Begin XCBuildConfiguration section */
		ED4A859427B54CD900B6B7CA /* Debug */ = {
			isa = XCBuildConfiguration;
			buildSettings = {
				ALWAYS_SEARCH_USER_PATHS = NO;
				CLANG_ANALYZER_NONNULL = YES;
				CLANG_ANALYZER_NUMBER_OBJECT_CONVERSION = YES_AGGRESSIVE;
				CLANG_CXX_LANGUAGE_STANDARD = "gnu++17";
				CLANG_CXX_LIBRARY = "libc++";
				CLANG_ENABLE_MODULES = YES;
				CLANG_ENABLE_OBJC_ARC = YES;
				CLANG_ENABLE_OBJC_WEAK = YES;
				CLANG_WARN_BLOCK_CAPTURE_AUTORELEASING = YES;
				CLANG_WARN_BOOL_CONVERSION = YES;
				CLANG_WARN_COMMA = YES;
				CLANG_WARN_CONSTANT_CONVERSION = YES;
				CLANG_WARN_DEPRECATED_OBJC_IMPLEMENTATIONS = YES;
				CLANG_WARN_DIRECT_OBJC_ISA_USAGE = YES_ERROR;
				CLANG_WARN_DOCUMENTATION_COMMENTS = YES;
				CLANG_WARN_EMPTY_BODY = YES;
				CLANG_WARN_ENUM_CONVERSION = YES;
				CLANG_WARN_INFINITE_RECURSION = YES;
				CLANG_WARN_INT_CONVERSION = YES;
				CLANG_WARN_NON_LITERAL_NULL_CONVERSION = YES;
				CLANG_WARN_OBJC_IMPLICIT_RETAIN_SELF = YES;
				CLANG_WARN_OBJC_LITERAL_CONVERSION = YES;
				CLANG_WARN_OBJC_ROOT_CLASS = YES_ERROR;
				CLANG_WARN_QUOTED_INCLUDE_IN_FRAMEWORK_HEADER = YES;
				CLANG_WARN_RANGE_LOOP_ANALYSIS = YES;
				CLANG_WARN_STRICT_PROTOTYPES = YES;
				CLANG_WARN_SUSPICIOUS_MOVE = YES;
				CLANG_WARN_UNGUARDED_AVAILABILITY = YES_AGGRESSIVE;
				CLANG_WARN_UNREACHABLE_CODE = YES;
				CLANG_WARN__DUPLICATE_METHOD_MATCH = YES;
				COPY_PHASE_STRIP = NO;
				DEBUG_INFORMATION_FORMAT = dwarf;
				ENABLE_STRICT_OBJC_MSGSEND = YES;
				ENABLE_TESTABILITY = YES;
				GCC_C_LANGUAGE_STANDARD = gnu11;
				GCC_DYNAMIC_NO_PIC = NO;
				GCC_NO_COMMON_BLOCKS = YES;
				GCC_OPTIMIZATION_LEVEL = 0;
				GCC_PREPROCESSOR_DEFINITIONS = (
					"DEBUG=1",
					"$(inherited)",
				);
				GCC_WARN_64_TO_32_BIT_CONVERSION = YES;
				GCC_WARN_ABOUT_RETURN_TYPE = YES_ERROR;
				GCC_WARN_UNDECLARED_SELECTOR = YES;
				GCC_WARN_UNINITIALIZED_AUTOS = YES_AGGRESSIVE;
				GCC_WARN_UNUSED_FUNCTION = YES;
				GCC_WARN_UNUSED_VARIABLE = YES;
				MACOSX_DEPLOYMENT_TARGET = 12.0;
				MTL_ENABLE_DEBUG_INFO = INCLUDE_SOURCE;
				MTL_FAST_MATH = YES;
				ONLY_ACTIVE_ARCH = YES;
				SDKROOT = macosx;
				SWIFT_ACTIVE_COMPILATION_CONDITIONS = DEBUG;
				SWIFT_OPTIMIZATION_LEVEL = "-Onone";
			};
			name = Debug;
		};
		ED4A859527B54CD900B6B7CA /* Release */ = {
			isa = XCBuildConfiguration;
			buildSettings = {
				ALWAYS_SEARCH_USER_PATHS = NO;
				CLANG_ANALYZER_NONNULL = YES;
				CLANG_ANALYZER_NUMBER_OBJECT_CONVERSION = YES_AGGRESSIVE;
				CLANG_CXX_LANGUAGE_STANDARD = "gnu++17";
				CLANG_CXX_LIBRARY = "libc++";
				CLANG_ENABLE_MODULES = YES;
				CLANG_ENABLE_OBJC_ARC = YES;
				CLANG_ENABLE_OBJC_WEAK = YES;
				CLANG_WARN_BLOCK_CAPTURE_AUTORELEASING = YES;
				CLANG_WARN_BOOL_CONVERSION = YES;
				CLANG_WARN_COMMA = YES;
				CLANG_WARN_CONSTANT_CONVERSION = YES;
				CLANG_WARN_DEPRECATED_OBJC_IMPLEMENTATIONS = YES;
				CLANG_WARN_DIRECT_OBJC_ISA_USAGE = YES_ERROR;
				CLANG_WARN_DOCUMENTATION_COMMENTS = YES;
				CLANG_WARN_EMPTY_BODY = YES;
				CLANG_WARN_ENUM_CONVERSION = YES;
				CLANG_WARN_INFINITE_RECURSION = YES;
				CLANG_WARN_INT_CONVERSION = YES;
				CLANG_WARN_NON_LITERAL_NULL_CONVERSION = YES;
				CLANG_WARN_OBJC_IMPLICIT_RETAIN_SELF = YES;
				CLANG_WARN_OBJC_LITERAL_CONVERSION = YES;
				CLANG_WARN_OBJC_ROOT_CLASS = YES_ERROR;
				CLANG_WARN_QUOTED_INCLUDE_IN_FRAMEWORK_HEADER = YES;
				CLANG_WARN_RANGE_LOOP_ANALYSIS = YES;
				CLANG_WARN_STRICT_PROTOTYPES = YES;
				CLANG_WARN_SUSPICIOUS_MOVE = YES;
				CLANG_WARN_UNGUARDED_AVAILABILITY = YES_AGGRESSIVE;
				CLANG_WARN_UNREACHABLE_CODE = YES;
				CLANG_WARN__DUPLICATE_METHOD_MATCH = YES;
				COPY_PHASE_STRIP = NO;
				DEBUG_INFORMATION_FORMAT = "dwarf-with-dsym";
				ENABLE_NS_ASSERTIONS = NO;
				ENABLE_STRICT_OBJC_MSGSEND = YES;
				GCC_C_LANGUAGE_STANDARD = gnu11;
				GCC_NO_COMMON_BLOCKS = YES;
				GCC_WARN_64_TO_32_BIT_CONVERSION = YES;
				GCC_WARN_ABOUT_RETURN_TYPE = YES_ERROR;
				GCC_WARN_UNDECLARED_SELECTOR = YES;
				GCC_WARN_UNINITIALIZED_AUTOS = YES_AGGRESSIVE;
				GCC_WARN_UNUSED_FUNCTION = YES;
				GCC_WARN_UNUSED_VARIABLE = YES;
				MACOSX_DEPLOYMENT_TARGET = 12.0;
				MTL_ENABLE_DEBUG_INFO = NO;
				MTL_FAST_MATH = YES;
				SDKROOT = macosx;
				SWIFT_COMPILATION_MODE = wholemodule;
				SWIFT_OPTIMIZATION_LEVEL = "-O";
			};
			name = Release;
		};
		ED4A859727B54CD900B6B7CA /* Debug */ = {
			isa = XCBuildConfiguration;
			buildSettings = {
				ASSETCATALOG_COMPILER_APPICON_NAME = AppIcon;
				ASSETCATALOG_COMPILER_GLOBAL_ACCENT_COLOR_NAME = AccentColor;
				CODE_SIGN_ENTITLEMENTS = Clockception/Clockception.entitlements;
				CODE_SIGN_STYLE = Automatic;
				COMBINE_HIDPI_IMAGES = YES;
				CURRENT_PROJECT_VERSION = 1;
				DEVELOPMENT_ASSET_PATHS = "\"Clockception/Preview Content\"";
				ENABLE_PREVIEWS = YES;
				GENERATE_INFOPLIST_FILE = YES;
				INFOPLIST_KEY_NSHumanReadableCopyright = "";
				LD_RUNPATH_SEARCH_PATHS = (
					"$(inherited)",
					"@executable_path/../Frameworks",
				);
				MARKETING_VERSION = 1.0;
				PRODUCT_BUNDLE_IDENTIFIER = com.alokode.Clockception;
				PRODUCT_NAME = "$(TARGET_NAME)";
				SWIFT_EMIT_LOC_STRINGS = YES;
				SWIFT_VERSION = 5.0;
			};
			name = Debug;
		};
		ED4A859827B54CD900B6B7CA /* Release */ = {
			isa = XCBuildConfiguration;
			buildSettings = {
				ASSETCATALOG_COMPILER_APPICON_NAME = AppIcon;
				ASSETCATALOG_COMPILER_GLOBAL_ACCENT_COLOR_NAME = AccentColor;
				CODE_SIGN_ENTITLEMENTS = Clockception/Clockception.entitlements;
				CODE_SIGN_STYLE = Automatic;
				COMBINE_HIDPI_IMAGES = YES;
				CURRENT_PROJECT_VERSION = 1;
				DEVELOPMENT_ASSET_PATHS = "\"Clockception/Preview Content\"";
				ENABLE_PREVIEWS = YES;
				GENERATE_INFOPLIST_FILE = YES;
				INFOPLIST_KEY_NSHumanReadableCopyright = "";
				LD_RUNPATH_SEARCH_PATHS = (
					"$(inherited)",
					"@executable_path/../Frameworks",
				);
				MARKETING_VERSION = 1.0;
				PRODUCT_BUNDLE_IDENTIFIER = com.alokode.Clockception;
				PRODUCT_NAME = "$(TARGET_NAME)";
				SWIFT_EMIT_LOC_STRINGS = YES;
				SWIFT_VERSION = 5.0;
			};
			name = Release;
		};
/* End XCBuildConfiguration section */

/* Begin XCConfigurationList section */
		ED4A858227B54CD700B6B7CA /* Build configuration list for PBXProject "Clockception" */ = {
			isa = XCConfigurationList;
			buildConfigurations = (
				ED4A859427B54CD900B6B7CA /* Debug */,
				ED4A859527B54CD900B6B7CA /* Release */,
			);
			defaultConfigurationIsVisible = 0;
			defaultConfigurationName = Release;
		};
		ED4A859627B54CD900B6B7CA /* Build configuration list for PBXNativeTarget "Clockception" */ = {
			isa = XCConfigurationList;
			buildConfigurations = (
				ED4A859727B54CD900B6B7CA /* Debug */,
				ED4A859827B54CD900B6B7CA /* Release */,
			);
			defaultConfigurationIsVisible = 0;
			defaultConfigurationName = Release;
		};
/* End XCConfigurationList section */
	};
	rootObject = ED4A857F27B54CD700B6B7CA /* Project object */;
}
